// !$*UTF8*$!
{
	archiveVersion = 1;
	classes = {
	};
	objectVersion = 46;
	objects = {

/* Begin PBXBuildFile section */
		A22AA4D4195D14E70065301E /* main.m in Sources */ = {isa = PBXBuildFile; fileRef = A22AA4D3195D14E70065301E /* main.m */; };
		A22AA4D7195D14E70065301E /* AppDelegate.m in Sources */ = {isa = PBXBuildFile; fileRef = A22AA4D6195D14E70065301E /* AppDelegate.m */; };
		A22AA4DA195D14E70065301E /* ViewController.m in Sources */ = {isa = PBXBuildFile; fileRef = A22AA4D9195D14E70065301E /* ViewController.m */; };
		A22AA4DD195D14E70065301E /* Main.storyboard in Resources */ = {isa = PBXBuildFile; fileRef = A22AA4DB195D14E70065301E /* Main.storyboard */; };
		A22AA4DF195D14E70065301E /* Images.xcassets in Resources */ = {isa = PBXBuildFile; fileRef = A22AA4DE195D14E70065301E /* Images.xcassets */; };
		A22AA4EB195D14E70065301E /* CookieCutterTests.m in Sources */ = {isa = PBXBuildFile; fileRef = A22AA4EA195D14E70065301E /* CookieCutterTests.m */; };
		A22AA4F5195D1F0D0065301E /* background.jpg in Resources */ = {isa = PBXBuildFile; fileRef = A22AA4F4195D1F0D0065301E /* background.jpg */; };
		A2DD8A3E1960B9FC00B87E48 /* CookieMaskView.m in Sources */ = {isa = PBXBuildFile; fileRef = A2DD8A3D1960B9FC00B87E48 /* CookieMaskView.m */; };
/* End PBXBuildFile section */

/* Begin PBXContainerItemProxy section */
		A22AA4E5195D14E70065301E /* PBXContainerItemProxy */ = {
			isa = PBXContainerItemProxy;
			containerPortal = A22AA4C6195D14E70065301E /* Project object */;
			proxyType = 1;
			remoteGlobalIDString = A22AA4CD195D14E70065301E;
			remoteInfo = CookieCutter;
		};
/* End PBXContainerItemProxy section */

/* Begin PBXFileReference section */
		A22AA4CE195D14E70065301E /* CookieCutter.app */ = {isa = PBXFileReference; explicitFileType = wrapper.application; includeInIndex = 0; path = CookieCutter.app; sourceTree = BUILT_PRODUCTS_DIR; };
		A22AA4D2195D14E70065301E /* Info.plist */ = {isa = PBXFileReference; lastKnownFileType = text.plist.xml; path = Info.plist; sourceTree = "<group>"; };
		A22AA4D3195D14E70065301E /* main.m */ = {isa = PBXFileReference; lastKnownFileType = sourcecode.c.objc; path = main.m; sourceTree = "<group>"; };
		A22AA4D5195D14E70065301E /* AppDelegate.h */ = {isa = PBXFileReference; lastKnownFileType = sourcecode.c.h; path = AppDelegate.h; sourceTree = "<group>"; };
		A22AA4D6195D14E70065301E /* AppDelegate.m */ = {isa = PBXFileReference; lastKnownFileType = sourcecode.c.objc; path = AppDelegate.m; sourceTree = "<group>"; };
		A22AA4D8195D14E70065301E /* ViewController.h */ = {isa = PBXFileReference; lastKnownFileType = sourcecode.c.h; path = ViewController.h; sourceTree = "<group>"; };
		A22AA4D9195D14E70065301E /* ViewController.m */ = {isa = PBXFileReference; lastKnownFileType = sourcecode.c.objc; path = ViewController.m; sourceTree = "<group>"; };
		A22AA4DC195D14E70065301E /* Base */ = {isa = PBXFileReference; lastKnownFileType = file.storyboard; name = Base; path = Base.lproj/Main.storyboard; sourceTree = "<group>"; };
		A22AA4DE195D14E70065301E /* Images.xcassets */ = {isa = PBXFileReference; lastKnownFileType = folder.assetcatalog; path = Images.xcassets; sourceTree = "<group>"; };
		A22AA4E4195D14E70065301E /* CookieCutterTests.xctest */ = {isa = PBXFileReference; explicitFileType = wrapper.cfbundle; includeInIndex = 0; path = CookieCutterTests.xctest; sourceTree = BUILT_PRODUCTS_DIR; };
		A22AA4E9195D14E70065301E /* Info.plist */ = {isa = PBXFileReference; lastKnownFileType = text.plist.xml; path = Info.plist; sourceTree = "<group>"; };
		A22AA4EA195D14E70065301E /* CookieCutterTests.m */ = {isa = PBXFileReference; lastKnownFileType = sourcecode.c.objc; path = CookieCutterTests.m; sourceTree = "<group>"; };
		A22AA4F4195D1F0D0065301E /* background.jpg */ = {isa = PBXFileReference; lastKnownFileType = image.jpeg; path = background.jpg; sourceTree = "<group>"; };
		A2DD8A3C1960B9FC00B87E48 /* CookieMaskView.h */ = {isa = PBXFileReference; fileEncoding = 4; lastKnownFileType = sourcecode.c.h; path = CookieMaskView.h; sourceTree = "<group>"; };
		A2DD8A3D1960B9FC00B87E48 /* CookieMaskView.m */ = {isa = PBXFileReference; fileEncoding = 4; lastKnownFileType = sourcecode.c.objc; path = CookieMaskView.m; sourceTree = "<group>"; };
/* End PBXFileReference section */

/* Begin PBXFrameworksBuildPhase section */
		A22AA4CB195D14E70065301E /* Frameworks */ = {
			isa = PBXFrameworksBuildPhase;
			buildActionMask = 2147483647;
			files = (
			);
			runOnlyForDeploymentPostprocessing = 0;
		};
		A22AA4E1195D14E70065301E /* Frameworks */ = {
			isa = PBXFrameworksBuildPhase;
			buildActionMask = 2147483647;
			files = (
			);
			runOnlyForDeploymentPostprocessing = 0;
		};
/* End PBXFrameworksBuildPhase section */

/* Begin PBXGroup section */
		A22AA4C5195D14E70065301E = {
			isa = PBXGroup;
			children = (
				A22AA4D0195D14E70065301E /* CookieCutter */,
				A22AA4E7195D14E70065301E /* CookieCutterTests */,
				A22AA4CF195D14E70065301E /* Products */,
			);
			sourceTree = "<group>";
		};
		A22AA4CF195D14E70065301E /* Products */ = {
			isa = PBXGroup;
			children = (
				A22AA4CE195D14E70065301E /* CookieCutter.app */,
				A22AA4E4195D14E70065301E /* CookieCutterTests.xctest */,
			);
			name = Products;
			sourceTree = "<group>";
		};
		A22AA4D0195D14E70065301E /* CookieCutter */ = {
			isa = PBXGroup;
			children = (
				A22AA4D5195D14E70065301E /* AppDelegate.h */,
				A22AA4D6195D14E70065301E /* AppDelegate.m */,
				A22AA4D8195D14E70065301E /* ViewController.h */,
				A22AA4D9195D14E70065301E /* ViewController.m */,
				A22AA4DB195D14E70065301E /* Main.storyboard */,
				A22AA4DE195D14E70065301E /* Images.xcassets */,
				A22AA4F4195D1F0D0065301E /* background.jpg */,
				A22AA4D1195D14E70065301E /* Supporting Files */,
				A2DD8A3C1960B9FC00B87E48 /* CookieMaskView.h */,
				A2DD8A3D1960B9FC00B87E48 /* CookieMaskView.m */,
			);
			path = CookieCutter;
			sourceTree = "<group>";
		};
		A22AA4D1195D14E70065301E /* Supporting Files */ = {
			isa = PBXGroup;
			children = (
				A22AA4D2195D14E70065301E /* Info.plist */,
				A22AA4D3195D14E70065301E /* main.m */,
			);
			name = "Supporting Files";
			sourceTree = "<group>";
		};
		A22AA4E7195D14E70065301E /* CookieCutterTests */ = {
			isa = PBXGroup;
			children = (
				A22AA4EA195D14E70065301E /* CookieCutterTests.m */,
				A22AA4E8195D14E70065301E /* Supporting Files */,
			);
			path = CookieCutterTests;
			sourceTree = "<group>";
		};
		A22AA4E8195D14E70065301E /* Supporting Files */ = {
			isa = PBXGroup;
			children = (
				A22AA4E9195D14E70065301E /* Info.plist */,
			);
			name = "Supporting Files";
			sourceTree = "<group>";
		};
/* End PBXGroup section */

/* Begin PBXNativeTarget section */
		A22AA4CD195D14E70065301E /* CookieCutter */ = {
			isa = PBXNativeTarget;
			buildConfigurationList = A22AA4EE195D14E70065301E /* Build configuration list for PBXNativeTarget "CookieCutter" */;
			buildPhases = (
				A22AA4CA195D14E70065301E /* Sources */,
				A22AA4CB195D14E70065301E /* Frameworks */,
				A22AA4CC195D14E70065301E /* Resources */,
			);
			buildRules = (
			);
			dependencies = (
			);
			name = CookieCutter;
			productName = CookieCutter;
			productReference = A22AA4CE195D14E70065301E /* CookieCutter.app */;
			productType = "com.apple.product-type.application";
		};
		A22AA4E3195D14E70065301E /* CookieCutterTests */ = {
			isa = PBXNativeTarget;
			buildConfigurationList = A22AA4F1195D14E70065301E /* Build configuration list for PBXNativeTarget "CookieCutterTests" */;
			buildPhases = (
				A22AA4E0195D14E70065301E /* Sources */,
				A22AA4E1195D14E70065301E /* Frameworks */,
				A22AA4E2195D14E70065301E /* Resources */,
			);
			buildRules = (
			);
			dependencies = (
				A22AA4E6195D14E70065301E /* PBXTargetDependency */,
			);
			name = CookieCutterTests;
			productName = CookieCutterTests;
			productReference = A22AA4E4195D14E70065301E /* CookieCutterTests.xctest */;
			productType = "com.apple.product-type.bundle.unit-test";
		};
/* End PBXNativeTarget section */

/* Begin PBXProject section */
		A22AA4C6195D14E70065301E /* Project object */ = {
			isa = PBXProject;
			attributes = {
				LastUpgradeCheck = 0600;
				ORGANIZATIONNAME = "Chris Lowe";
				TargetAttributes = {
					A22AA4CD195D14E70065301E = {
						CreatedOnToolsVersion = 6.0;
					};
					A22AA4E3195D14E70065301E = {
						CreatedOnToolsVersion = 6.0;
						TestTargetID = A22AA4CD195D14E70065301E;
					};
				};
			};
			buildConfigurationList = A22AA4C9195D14E70065301E /* Build configuration list for PBXProject "CookieCutter" */;
			compatibilityVersion = "Xcode 3.2";
			developmentRegion = English;
			hasScannedForEncodings = 0;
			knownRegions = (
				en,
				Base,
			);
			mainGroup = A22AA4C5195D14E70065301E;
			productRefGroup = A22AA4CF195D14E70065301E /* Products */;
			projectDirPath = "";
			projectRoot = "";
			targets = (
				A22AA4CD195D14E70065301E /* CookieCutter */,
				A22AA4E3195D14E70065301E /* CookieCutterTests */,
			);
		};
/* End PBXProject section */

/* Begin PBXResourcesBuildPhase section */
		A22AA4CC195D14E70065301E /* Resources */ = {
			isa = PBXResourcesBuildPhase;
			buildActionMask = 2147483647;
			files = (
				A22AA4F5195D1F0D0065301E /* background.jpg in Resources */,
				A22AA4DD195D14E70065301E /* Main.storyboard in Resources */,
				A22AA4DF195D14E70065301E /* Images.xcassets in Resources */,
			);
			runOnlyForDeploymentPostprocessing = 0;
		};
		A22AA4E2195D14E70065301E /* Resources */ = {
			isa = PBXResourcesBuildPhase;
			buildActionMask = 2147483647;
			files = (
			);
			runOnlyForDeploymentPostprocessing = 0;
		};
/* End PBXResourcesBuildPhase section */

/* Begin PBXSourcesBuildPhase section */
		A22AA4CA195D14E70065301E /* Sources */ = {
			isa = PBXSourcesBuildPhase;
			buildActionMask = 2147483647;
			files = (
				A2DD8A3E1960B9FC00B87E48 /* CookieMaskView.m in Sources */,
				A22AA4DA195D14E70065301E /* ViewController.m in Sources */,
				A22AA4D7195D14E70065301E /* AppDelegate.m in Sources */,
				A22AA4D4195D14E70065301E /* main.m in Sources */,
			);
			runOnlyForDeploymentPostprocessing = 0;
		};
		A22AA4E0195D14E70065301E /* Sources */ = {
			isa = PBXSourcesBuildPhase;
			buildActionMask = 2147483647;
			files = (
				A22AA4EB195D14E70065301E /* CookieCutterTests.m in Sources */,
			);
			runOnlyForDeploymentPostprocessing = 0;
		};
/* End PBXSourcesBuildPhase section */

/* Begin PBXTargetDependency section */
		A22AA4E6195D14E70065301E /* PBXTargetDependency */ = {
			isa = PBXTargetDependency;
			target = A22AA4CD195D14E70065301E /* CookieCutter */;
			targetProxy = A22AA4E5195D14E70065301E /* PBXContainerItemProxy */;
		};
/* End PBXTargetDependency section */

/* Begin PBXVariantGroup section */
		A22AA4DB195D14E70065301E /* Main.storyboard */ = {
			isa = PBXVariantGroup;
			children = (
				A22AA4DC195D14E70065301E /* Base */,
			);
			name = Main.storyboard;
			sourceTree = "<group>";
		};
/* End PBXVariantGroup section */

/* Begin XCBuildConfiguration section */
		A22AA4EC195D14E70065301E /* Debug */ = {
			isa = XCBuildConfiguration;
			buildSettings = {
				ALWAYS_SEARCH_USER_PATHS = NO;
				CLANG_CXX_LANGUAGE_STANDARD = "gnu++0x";
				CLANG_CXX_LIBRARY = "libc++";
				CLANG_ENABLE_MODULES = YES;
				CLANG_ENABLE_OBJC_ARC = YES;
				CLANG_WARN_BOOL_CONVERSION = YES;
				CLANG_WARN_CONSTANT_CONVERSION = YES;
				CLANG_WARN_DIRECT_OBJC_ISA_USAGE = YES_ERROR;
				CLANG_WARN_EMPTY_BODY = YES;
				CLANG_WARN_ENUM_CONVERSION = YES;
				CLANG_WARN_INT_CONVERSION = YES;
				CLANG_WARN_OBJC_ROOT_CLASS = YES_ERROR;
				CLANG_WARN_UNREACHABLE_CODE = YES;
				CLANG_WARN__DUPLICATE_METHOD_MATCH = YES;
				"CODE_SIGN_IDENTITY[sdk=iphoneos*]" = "iPhone Developer";
				COPY_PHASE_STRIP = NO;
				ENABLE_STRICT_OBJC_MSGSEND = YES;
				GCC_C_LANGUAGE_STANDARD = gnu99;
				GCC_DYNAMIC_NO_PIC = NO;
				GCC_OPTIMIZATION_LEVEL = 0;
				GCC_PREPROCESSOR_DEFINITIONS = (
					"DEBUG=1",
					"$(inherited)",
				);
				GCC_SYMBOLS_PRIVATE_EXTERN = NO;
				GCC_WARN_64_TO_32_BIT_CONVERSION = YES;
				GCC_WARN_ABOUT_RETURN_TYPE = YES_ERROR;
				GCC_WARN_UNDECLARED_SELECTOR = YES;
				GCC_WARN_UNINITIALIZED_AUTOS = YES_AGGRESSIVE;
				GCC_WARN_UNUSED_FUNCTION = YES;
				GCC_WARN_UNUSED_VARIABLE = YES;
				IPHONEOS_DEPLOYMENT_TARGET = 8.0;
				METAL_ENABLE_DEBUG_INFO = YES;
				ONLY_ACTIVE_ARCH = YES;
				SDKROOT = iphoneos;
				TARGETED_DEVICE_FAMILY = "1,2";
			};
			name = Debug;
		};
		A22AA4ED195D14E70065301E /* Release */ = {
			isa = XCBuildConfiguration;
			buildSettings = {
				ALWAYS_SEARCH_USER_PATHS = NO;
				CLANG_CXX_LANGUAGE_STANDARD = "gnu++0x";
				CLANG_CXX_LIBRARY = "libc++";
				CLANG_ENABLE_MODULES = YES;
				CLANG_ENABLE_OBJC_ARC = YES;
				CLANG_WARN_BOOL_CONVERSION = YES;
				CLANG_WARN_CONSTANT_CONVERSION = YES;
				CLANG_WARN_DIRECT_OBJC_ISA_USAGE = YES_ERROR;
				CLANG_WARN_EMPTY_BODY = YES;
				CLANG_WARN_ENUM_CONVERSION = YES;
				CLANG_WARN_INT_CONVERSION = YES;
				CLANG_WARN_OBJC_ROOT_CLASS = YES_ERROR;
				CLANG_WARN_UNREACHABLE_CODE = YES;
				CLANG_WARN__DUPLICATE_METHOD_MATCH = YES;
				"CODE_SIGN_IDENTITY[sdk=iphoneos*]" = "iPhone Developer";
				COPY_PHASE_STRIP = YES;
				ENABLE_NS_ASSERTIONS = NO;
				ENABLE_STRICT_OBJC_MSGSEND = YES;
				GCC_C_LANGUAGE_STANDARD = gnu99;
				GCC_WARN_64_TO_32_BIT_CONVERSION = YES;
				GCC_WARN_ABOUT_RETURN_TYPE = YES_ERROR;
				GCC_WARN_UNDECLARED_SELECTOR = YES;
				GCC_WARN_UNINITIALIZED_AUTOS = YES_AGGRESSIVE;
				GCC_WARN_UNUSED_FUNCTION = YES;
				GCC_WARN_UNUSED_VARIABLE = YES;
				IPHONEOS_DEPLOYMENT_TARGET = 8.0;
				METAL_ENABLE_DEBUG_INFO = NO;
				SDKROOT = iphoneos;
				TARGETED_DEVICE_FAMILY = "1,2";
				VALIDATE_PRODUCT = YES;
			};
			name = Release;
		};
		A22AA4EF195D14E70065301E /* Debug */ = {
			isa = XCBuildConfiguration;
			buildSettings = {
				ASSETCATALOG_COMPILER_APPICON_NAME = AppIcon;
				ASSETCATALOG_COMPILER_LAUNCHIMAGE_NAME = LaunchImage;
				INFOPLIST_FILE = CookieCutter/Info.plist;
				IPHONEOS_DEPLOYMENT_TARGET = 8.0;
				LD_RUNPATH_SEARCH_PATHS = "$(inherited) @executable_path/Frameworks";
				PRODUCT_NAME = "$(TARGET_NAME)";
				TARGETED_DEVICE_FAMILY = "1,2";
			};
			name = Debug;
		};
		A22AA4F0195D14E70065301E /* Release */ = {
			isa = XCBuildConfiguration;
			buildSettings = {
				ASSETCATALOG_COMPILER_APPICON_NAME = AppIcon;
				ASSETCATALOG_COMPILER_LAUNCHIMAGE_NAME = LaunchImage;
				INFOPLIST_FILE = CookieCutter/Info.plist;
				IPHONEOS_DEPLOYMENT_TARGET = 8.0;
				LD_RUNPATH_SEARCH_PATHS = "$(inherited) @executable_path/Frameworks";
				PRODUCT_NAME = "$(TARGET_NAME)";
				TARGETED_DEVICE_FAMILY = "1,2";
			};
			name = Release;
		};
		A22AA4F2195D14E70065301E /* Debug */ = {
			isa = XCBuildConfiguration;
			buildSettings = {
				BUNDLE_LOADER = "$(BUILT_PRODUCTS_DIR)/CookieCutter.app/CookieCutter";
				FRAMEWORK_SEARCH_PATHS = (
					"$(SDKROOT)/Developer/Library/Frameworks",
					"$(inherited)",
				);
				GCC_PREPROCESSOR_DEFINITIONS = (
					"DEBUG=1",
					"$(inherited)",
				);
				INFOPLIST_FILE = CookieCutterTests/Info.plist;
				LD_RUNPATH_SEARCH_PATHS = "$(inherited) @executable_path/Frameworks @loader_path/Frameworks";
				METAL_ENABLE_DEBUG_INFO = YES;
				PRODUCT_NAME = "$(TARGET_NAME)";
				TEST_HOST = "$(BUNDLE_LOADER)";
			};
			name = Debug;
		};
		A22AA4F3195D14E70065301E /* Release */ = {
			isa = XCBuildConfiguration;
			buildSettings = {
				BUNDLE_LOADER = "$(BUILT_PRODUCTS_DIR)/CookieCutter.app/CookieCutter";
				FRAMEWORK_SEARCH_PATHS = (
					"$(SDKROOT)/Developer/Library/Frameworks",
					"$(inherited)",
				);
				INFOPLIST_FILE = CookieCutterTests/Info.plist;
				LD_RUNPATH_SEARCH_PATHS = "$(inherited) @executable_path/Frameworks @loader_path/Frameworks";
				METAL_ENABLE_DEBUG_INFO = NO;
				PRODUCT_NAME = "$(TARGET_NAME)";
				TEST_HOST = "$(BUNDLE_LOADER)";
			};
			name = Release;
		};
/* End XCBuildConfiguration section */

/* Begin XCConfigurationList section */
		A22AA4C9195D14E70065301E /* Build configuration list for PBXProject "CookieCutter" */ = {
			isa = XCConfigurationList;
			buildConfigurations = (
				A22AA4EC195D14E70065301E /* Debug */,
				A22AA4ED195D14E70065301E /* Release */,
			);
			defaultConfigurationIsVisible = 0;
			defaultConfigurationName = Release;
		};
		A22AA4EE195D14E70065301E /* Build configuration list for PBXNativeTarget "CookieCutter" */ = {
			isa = XCConfigurationList;
			buildConfigurations = (
				A22AA4EF195D14E70065301E /* Debug */,
				A22AA4F0195D14E70065301E /* Release */,
			);
			defaultConfigurationIsVisible = 0;
			defaultConfigurationName = Release;
		};
		A22AA4F1195D14E70065301E /* Build configuration list for PBXNativeTarget "CookieCutterTests" */ = {
			isa = XCConfigurationList;
			buildConfigurations = (
				A22AA4F2195D14E70065301E /* Debug */,
				A22AA4F3195D14E70065301E /* Release */,
			);
			defaultConfigurationIsVisible = 0;
			defaultConfigurationName = Release;
		};
/* End XCConfigurationList section */
	};
	rootObject = A22AA4C6195D14E70065301E /* Project object */;
}
